// !$*UTF8*$!
{
	archiveVersion = 1;
	classes = {
	};
	objectVersion = 51;
	objects = {

/* Begin PBXBuildFile section */
		52112F87264BA75D004776F4 /* AppDelegate.swift in Sources */ = {isa = PBXBuildFile; fileRef = 52112F86264BA75D004776F4 /* AppDelegate.swift */; };
		52112F89264BA75D004776F4 /* SceneDelegate.swift in Sources */ = {isa = PBXBuildFile; fileRef = 52112F88264BA75D004776F4 /* SceneDelegate.swift */; };
		52112F8B264BA75D004776F4 /* LoginViewController.swift in Sources */ = {isa = PBXBuildFile; fileRef = 52112F8A264BA75D004776F4 /* LoginViewController.swift */; };
		52112F8E264BA75D004776F4 /* Main.storyboard in Resources */ = {isa = PBXBuildFile; fileRef = 52112F8C264BA75D004776F4 /* Main.storyboard */; };
		52112F90264BA75E004776F4 /* Assets.xcassets in Resources */ = {isa = PBXBuildFile; fileRef = 52112F8F264BA75E004776F4 /* Assets.xcassets */; };
		52112F93264BA75E004776F4 /* LaunchScreen.storyboard in Resources */ = {isa = PBXBuildFile; fileRef = 52112F91264BA75E004776F4 /* LaunchScreen.storyboard */; };
		52112F9E264BA75E004776F4 /* InstagramTests.swift in Sources */ = {isa = PBXBuildFile; fileRef = 52112F9D264BA75E004776F4 /* InstagramTests.swift */; };
		52112FA9264BA75E004776F4 /* InstagramUITests.swift in Sources */ = {isa = PBXBuildFile; fileRef = 52112FA8264BA75E004776F4 /* InstagramUITests.swift */; };
		52112FBD264BA87A004776F4 /* HomeViewController.swift in Sources */ = {isa = PBXBuildFile; fileRef = 52112FBC264BA87A004776F4 /* HomeViewController.swift */; };
		52112FC5264BA893004776F4 /* ImageSelectViewController.swift in Sources */ = {isa = PBXBuildFile; fileRef = 52112FC4264BA893004776F4 /* ImageSelectViewController.swift */; };
		52112FCA264BA8A8004776F4 /* PostViewController.swift in Sources */ = {isa = PBXBuildFile; fileRef = 52112FC9264BA8A8004776F4 /* PostViewController.swift */; };
		52112FCF264BA8B9004776F4 /* SettingViewController.swift in Sources */ = {isa = PBXBuildFile; fileRef = 52112FCE264BA8B9004776F4 /* SettingViewController.swift */; };
		52112FE4264BC295004776F4 /* TapBarController.swift in Sources */ = {isa = PBXBuildFile; fileRef = 52112FE3264BC294004776F4 /* TapBarController.swift */; };
		52423914264E29DF00C25FC4 /* GoogleService-Info.plist in Resources */ = {isa = PBXBuildFile; fileRef = 52423913264E29DF00C25FC4 /* GoogleService-Info.plist */; };
		52494EBB26537D80009B798A /* Const.swift in Sources */ = {isa = PBXBuildFile; fileRef = 52494EBA26537D80009B798A /* Const.swift */; };
		52494EC3265383EF009B798A /* PostData.swift in Sources */ = {isa = PBXBuildFile; fileRef = 52494EC2265383EF009B798A /* PostData.swift */; };
		52494ECA2653849A009B798A /* PostTableViewCell.xib in Resources */ = {isa = PBXBuildFile; fileRef = 52494EC82653849A009B798A /* PostTableViewCell.xib */; };
		52494ED2265384C7009B798A /* PostTableViewCell.swift in Sources */ = {isa = PBXBuildFile; fileRef = 52494ED1265384C7009B798A /* PostTableViewCell.swift */; };
		82FEEDAB28326028EF78E596 /* Pods_Instagram.framework in Frameworks */ = {isa = PBXBuildFile; fileRef = 2A78B6FD362A68756EF66B31 /* Pods_Instagram.framework */; };
/* End PBXBuildFile section */

/* Begin PBXContainerItemProxy section */
		52112F9A264BA75E004776F4 /* PBXContainerItemProxy */ = {
			isa = PBXContainerItemProxy;
			containerPortal = 52112F7B264BA75D004776F4 /* Project object */;
			proxyType = 1;
			remoteGlobalIDString = 52112F82264BA75D004776F4;
			remoteInfo = Instagram;
		};
		52112FA5264BA75E004776F4 /* PBXContainerItemProxy */ = {
			isa = PBXContainerItemProxy;
			containerPortal = 52112F7B264BA75D004776F4 /* Project object */;
			proxyType = 1;
			remoteGlobalIDString = 52112F82264BA75D004776F4;
			remoteInfo = Instagram;
		};
/* End PBXContainerItemProxy section */

/* Begin PBXFileReference section */
		1EAFA6E154BE8F4349F4C7E6 /* Pods-Instagram.debug.xcconfig */ = {isa = PBXFileReference; includeInIndex = 1; lastKnownFileType = text.xcconfig; name = "Pods-Instagram.debug.xcconfig"; path = "Target Support Files/Pods-Instagram/Pods-Instagram.debug.xcconfig"; sourceTree = "<group>"; };
		2A78B6FD362A68756EF66B31 /* Pods_Instagram.framework */ = {isa = PBXFileReference; explicitFileType = wrapper.framework; includeInIndex = 0; path = Pods_Instagram.framework; sourceTree = BUILT_PRODUCTS_DIR; };
		52112F83264BA75D004776F4 /* Instagram.app */ = {isa = PBXFileReference; explicitFileType = wrapper.application; includeInIndex = 0; path = Instagram.app; sourceTree = BUILT_PRODUCTS_DIR; };
		52112F86264BA75D004776F4 /* AppDelegate.swift */ = {isa = PBXFileReference; lastKnownFileType = sourcecode.swift; path = AppDelegate.swift; sourceTree = "<group>"; };
		52112F88264BA75D004776F4 /* SceneDelegate.swift */ = {isa = PBXFileReference; lastKnownFileType = sourcecode.swift; path = SceneDelegate.swift; sourceTree = "<group>"; };
		52112F8A264BA75D004776F4 /* LoginViewController.swift */ = {isa = PBXFileReference; lastKnownFileType = sourcecode.swift; path = LoginViewController.swift; sourceTree = "<group>"; };
		52112F8D264BA75D004776F4 /* Base */ = {isa = PBXFileReference; lastKnownFileType = file.storyboard; name = Base; path = Base.lproj/Main.storyboard; sourceTree = "<group>"; };
		52112F8F264BA75E004776F4 /* Assets.xcassets */ = {isa = PBXFileReference; lastKnownFileType = folder.assetcatalog; path = Assets.xcassets; sourceTree = "<group>"; };
		52112F92264BA75E004776F4 /* Base */ = {isa = PBXFileReference; lastKnownFileType = file.storyboard; name = Base; path = Base.lproj/LaunchScreen.storyboard; sourceTree = "<group>"; };
		52112F94264BA75E004776F4 /* Info.plist */ = {isa = PBXFileReference; lastKnownFileType = text.plist.xml; path = Info.plist; sourceTree = "<group>"; };
		52112F99264BA75E004776F4 /* InstagramTests.xctest */ = {isa = PBXFileReference; explicitFileType = wrapper.cfbundle; includeInIndex = 0; path = InstagramTests.xctest; sourceTree = BUILT_PRODUCTS_DIR; };
		52112F9D264BA75E004776F4 /* InstagramTests.swift */ = {isa = PBXFileReference; lastKnownFileType = sourcecode.swift; path = InstagramTests.swift; sourceTree = "<group>"; };
		52112F9F264BA75E004776F4 /* Info.plist */ = {isa = PBXFileReference; lastKnownFileType = text.plist.xml; path = Info.plist; sourceTree = "<group>"; };
		52112FA4264BA75E004776F4 /* InstagramUITests.xctest */ = {isa = PBXFileReference; explicitFileType = wrapper.cfbundle; includeInIndex = 0; path = InstagramUITests.xctest; sourceTree = BUILT_PRODUCTS_DIR; };
		52112FA8264BA75E004776F4 /* InstagramUITests.swift */ = {isa = PBXFileReference; lastKnownFileType = sourcecode.swift; path = InstagramUITests.swift; sourceTree = "<group>"; };
		52112FAA264BA75E004776F4 /* Info.plist */ = {isa = PBXFileReference; lastKnownFileType = text.plist.xml; path = Info.plist; sourceTree = "<group>"; };
		52112FBC264BA87A004776F4 /* HomeViewController.swift */ = {isa = PBXFileReference; lastKnownFileType = sourcecode.swift; path = HomeViewController.swift; sourceTree = "<group>"; };
		52112FC4264BA893004776F4 /* ImageSelectViewController.swift */ = {isa = PBXFileReference; lastKnownFileType = sourcecode.swift; path = ImageSelectViewController.swift; sourceTree = "<group>"; };
		52112FC9264BA8A8004776F4 /* PostViewController.swift */ = {isa = PBXFileReference; lastKnownFileType = sourcecode.swift; path = PostViewController.swift; sourceTree = "<group>"; };
		52112FCE264BA8B9004776F4 /* SettingViewController.swift */ = {isa = PBXFileReference; lastKnownFileType = sourcecode.swift; path = SettingViewController.swift; sourceTree = "<group>"; };
		52112FE3264BC294004776F4 /* TapBarController.swift */ = {isa = PBXFileReference; lastKnownFileType = sourcecode.swift; path = TapBarController.swift; sourceTree = "<group>"; };
		52423913264E29DF00C25FC4 /* GoogleService-Info.plist */ = {isa = PBXFileReference; fileEncoding = 4; lastKnownFileType = text.plist.xml; path = "GoogleService-Info.plist"; sourceTree = "<group>"; };
		52494EBA26537D80009B798A /* Const.swift */ = {isa = PBXFileReference; lastKnownFileType = sourcecode.swift; path = Const.swift; sourceTree = "<group>"; };
		52494EC2265383EF009B798A /* PostData.swift */ = {isa = PBXFileReference; lastKnownFileType = sourcecode.swift; path = PostData.swift; sourceTree = "<group>"; };
		52494EC82653849A009B798A /* PostTableViewCell.xib */ = {isa = PBXFileReference; lastKnownFileType = file.xib; path = PostTableViewCell.xib; sourceTree = "<group>"; };
		52494ED1265384C7009B798A /* PostTableViewCell.swift */ = {isa = PBXFileReference; fileEncoding = 4; lastKnownFileType = sourcecode.swift; path = PostTableViewCell.swift; sourceTree = "<group>"; };
		5B18F550710454F2E9D4F87D /* Pods-Instagram.release.xcconfig */ = {isa = PBXFileReference; includeInIndex = 1; lastKnownFileType = text.xcconfig; name = "Pods-Instagram.release.xcconfig"; path = "Target Support Files/Pods-Instagram/Pods-Instagram.release.xcconfig"; sourceTree = "<group>"; };
/* End PBXFileReference section */

/* Begin PBXFrameworksBuildPhase section */
		52112F80264BA75D004776F4 /* Frameworks */ = {
			isa = PBXFrameworksBuildPhase;
			buildActionMask = 2147483647;
			files = (
				82FEEDAB28326028EF78E596 /* Pods_Instagram.framework in Frameworks */,
			);
			runOnlyForDeploymentPostprocessing = 0;
		};
		52112F96264BA75E004776F4 /* Frameworks */ = {
			isa = PBXFrameworksBuildPhase;
			buildActionMask = 2147483647;
			files = (
			);
			runOnlyForDeploymentPostprocessing = 0;
		};
		52112FA1264BA75E004776F4 /* Frameworks */ = {
			isa = PBXFrameworksBuildPhase;
			buildActionMask = 2147483647;
			files = (
			);
			runOnlyForDeploymentPostprocessing = 0;
		};
/* End PBXFrameworksBuildPhase section */

/* Begin PBXGroup section */
		1235F4E90E6652B9F0A54FB6 /* Frameworks */ = {
			isa = PBXGroup;
			children = (
				2A78B6FD362A68756EF66B31 /* Pods_Instagram.framework */,
			);
			name = Frameworks;
			sourceTree = "<group>";
		};
		52112F7A264BA75D004776F4 = {
			isa = PBXGroup;
			children = (
				52112F85264BA75D004776F4 /* Instagram */,
				52112F9C264BA75E004776F4 /* InstagramTests */,
				52112FA7264BA75E004776F4 /* InstagramUITests */,
				52112F84264BA75D004776F4 /* Products */,
				88FADB92320B20122F06D580 /* Pods */,
				1235F4E90E6652B9F0A54FB6 /* Frameworks */,
			);
			sourceTree = "<group>";
		};
		52112F84264BA75D004776F4 /* Products */ = {
			isa = PBXGroup;
			children = (
				52112F83264BA75D004776F4 /* Instagram.app */,
				52112F99264BA75E004776F4 /* InstagramTests.xctest */,
				52112FA4264BA75E004776F4 /* InstagramUITests.xctest */,
			);
			name = Products;
			sourceTree = "<group>";
		};
		52112F85264BA75D004776F4 /* Instagram */ = {
			isa = PBXGroup;
			children = (
				52112F8C264BA75D004776F4 /* Main.storyboard */,
				52112FE3264BC294004776F4 /* TapBarController.swift */,
				52112F86264BA75D004776F4 /* AppDelegate.swift */,
				52112F88264BA75D004776F4 /* SceneDelegate.swift */,
				52112F8A264BA75D004776F4 /* LoginViewController.swift */,
				52112FBC264BA87A004776F4 /* HomeViewController.swift */,
				52112FC4264BA893004776F4 /* ImageSelectViewController.swift */,
				52494EC82653849A009B798A /* PostTableViewCell.xib */,
				52494EC2265383EF009B798A /* PostData.swift */,
				52494ED1265384C7009B798A /* PostTableViewCell.swift */,
				52112FC9264BA8A8004776F4 /* PostViewController.swift */,
				52112FCE264BA8B9004776F4 /* SettingViewController.swift */,
				52494EBA26537D80009B798A /* Const.swift */,
				52112F8F264BA75E004776F4 /* Assets.xcassets */,
				52112F91264BA75E004776F4 /* LaunchScreen.storyboard */,
				52112F94264BA75E004776F4 /* Info.plist */,
				52423913264E29DF00C25FC4 /* GoogleService-Info.plist */,
			);
			path = Instagram;
			sourceTree = "<group>";
		};
		52112F9C264BA75E004776F4 /* InstagramTests */ = {
			isa = PBXGroup;
			children = (
				52112F9D264BA75E004776F4 /* InstagramTests.swift */,
				52112F9F264BA75E004776F4 /* Info.plist */,
			);
			path = InstagramTests;
			sourceTree = "<group>";
		};
		52112FA7264BA75E004776F4 /* InstagramUITests */ = {
			isa = PBXGroup;
			children = (
				52112FA8264BA75E004776F4 /* InstagramUITests.swift */,
				52112FAA264BA75E004776F4 /* Info.plist */,
			);
			path = InstagramUITests;
			sourceTree = "<group>";
		};
		88FADB92320B20122F06D580 /* Pods */ = {
			isa = PBXGroup;
			children = (
				1EAFA6E154BE8F4349F4C7E6 /* Pods-Instagram.debug.xcconfig */,
				5B18F550710454F2E9D4F87D /* Pods-Instagram.release.xcconfig */,
			);
			path = Pods;
			sourceTree = "<group>";
		};
/* End PBXGroup section */

/* Begin PBXNativeTarget section */
		52112F82264BA75D004776F4 /* Instagram */ = {
			isa = PBXNativeTarget;
			buildConfigurationList = 52112FAD264BA75E004776F4 /* Build configuration list for PBXNativeTarget "Instagram" */;
			buildPhases = (
				247C91071AF8C02E2760A90F /* [CP] Check Pods Manifest.lock */,
				52112F7F264BA75D004776F4 /* Sources */,
				52112F80264BA75D004776F4 /* Frameworks */,
				52112F81264BA75D004776F4 /* Resources */,
				F369CBC96BF842FF9C6AEEF1 /* [CP] Embed Pods Frameworks */,
			);
			buildRules = (
			);
			dependencies = (
			);
			name = Instagram;
			productName = Instagram;
			productReference = 52112F83264BA75D004776F4 /* Instagram.app */;
			productType = "com.apple.product-type.application";
		};
		52112F98264BA75E004776F4 /* InstagramTests */ = {
			isa = PBXNativeTarget;
			buildConfigurationList = 52112FB0264BA75E004776F4 /* Build configuration list for PBXNativeTarget "InstagramTests" */;
			buildPhases = (
				52112F95264BA75E004776F4 /* Sources */,
				52112F96264BA75E004776F4 /* Frameworks */,
				52112F97264BA75E004776F4 /* Resources */,
			);
			buildRules = (
			);
			dependencies = (
				52112F9B264BA75E004776F4 /* PBXTargetDependency */,
			);
			name = InstagramTests;
			productName = InstagramTests;
			productReference = 52112F99264BA75E004776F4 /* InstagramTests.xctest */;
			productType = "com.apple.product-type.bundle.unit-test";
		};
		52112FA3264BA75E004776F4 /* InstagramUITests */ = {
			isa = PBXNativeTarget;
			buildConfigurationList = 52112FB3264BA75E004776F4 /* Build configuration list for PBXNativeTarget "InstagramUITests" */;
			buildPhases = (
				52112FA0264BA75E004776F4 /* Sources */,
				52112FA1264BA75E004776F4 /* Frameworks */,
				52112FA2264BA75E004776F4 /* Resources */,
			);
			buildRules = (
			);
			dependencies = (
				52112FA6264BA75E004776F4 /* PBXTargetDependency */,
			);
			name = InstagramUITests;
			productName = InstagramUITests;
			productReference = 52112FA4264BA75E004776F4 /* InstagramUITests.xctest */;
			productType = "com.apple.product-type.bundle.ui-testing";
		};
/* End PBXNativeTarget section */

/* Begin PBXProject section */
		52112F7B264BA75D004776F4 /* Project object */ = {
			isa = PBXProject;
			attributes = {
				LastSwiftUpdateCheck = 1220;
				LastUpgradeCheck = 1220;
				TargetAttributes = {
					52112F82264BA75D004776F4 = {
						CreatedOnToolsVersion = 12.2;
					};
					52112F98264BA75E004776F4 = {
						CreatedOnToolsVersion = 12.2;
						TestTargetID = 52112F82264BA75D004776F4;
					};
					52112FA3264BA75E004776F4 = {
						CreatedOnToolsVersion = 12.2;
						TestTargetID = 52112F82264BA75D004776F4;
					};
				};
			};
			buildConfigurationList = 52112F7E264BA75D004776F4 /* Build configuration list for PBXProject "Instagram" */;
			compatibilityVersion = "Xcode 9.3";
			developmentRegion = en;
			hasScannedForEncodings = 0;
			knownRegions = (
				en,
				Base,
			);
			mainGroup = 52112F7A264BA75D004776F4;
			productRefGroup = 52112F84264BA75D004776F4 /* Products */;
			projectDirPath = "";
			projectRoot = "";
			targets = (
				52112F82264BA75D004776F4 /* Instagram */,
				52112F98264BA75E004776F4 /* InstagramTests */,
				52112FA3264BA75E004776F4 /* InstagramUITests */,
			);
		};
/* End PBXProject section */

/* Begin PBXResourcesBuildPhase section */
		52112F81264BA75D004776F4 /* Resources */ = {
			isa = PBXResourcesBuildPhase;
			buildActionMask = 2147483647;
			files = (
				52112F93264BA75E004776F4 /* LaunchScreen.storyboard in Resources */,
				52494ECA2653849A009B798A /* PostTableViewCell.xib in Resources */,
				52423914264E29DF00C25FC4 /* GoogleService-Info.plist in Resources */,
				52112F90264BA75E004776F4 /* Assets.xcassets in Resources */,
				52112F8E264BA75D004776F4 /* Main.storyboard in Resources */,
			);
			runOnlyForDeploymentPostprocessing = 0;
		};
		52112F97264BA75E004776F4 /* Resources */ = {
			isa = PBXResourcesBuildPhase;
			buildActionMask = 2147483647;
			files = (
			);
			runOnlyForDeploymentPostprocessing = 0;
		};
		52112FA2264BA75E004776F4 /* Resources */ = {
			isa = PBXResourcesBuildPhase;
			buildActionMask = 2147483647;
			files = (
			);
			runOnlyForDeploymentPostprocessing = 0;
		};
/* End PBXResourcesBuildPhase section */

/* Begin PBXShellScriptBuildPhase section */
		247C91071AF8C02E2760A90F /* [CP] Check Pods Manifest.lock */ = {
			isa = PBXShellScriptBuildPhase;
			buildActionMask = 2147483647;
			files = (
			);
			inputFileListPaths = (
			);
			inputPaths = (
				"${PODS_PODFILE_DIR_PATH}/Podfile.lock",
				"${PODS_ROOT}/Manifest.lock",
			);
			name = "[CP] Check Pods Manifest.lock";
			outputFileListPaths = (
			);
			outputPaths = (
				"$(DERIVED_FILE_DIR)/Pods-Instagram-checkManifestLockResult.txt",
			);
			runOnlyForDeploymentPostprocessing = 0;
			shellPath = /bin/sh;
			shellScript = "diff \"${PODS_PODFILE_DIR_PATH}/Podfile.lock\" \"${PODS_ROOT}/Manifest.lock\" > /dev/null\nif [ $? != 0 ] ; then\n    # print error to STDERR\n    echo \"error: The sandbox is not in sync with the Podfile.lock. Run 'pod install' or update your CocoaPods installation.\" >&2\n    exit 1\nfi\n# This output is used by Xcode 'outputs' to avoid re-running this script phase.\necho \"SUCCESS\" > \"${SCRIPT_OUTPUT_FILE_0}\"\n";
			showEnvVarsInLog = 0;
		};
		F369CBC96BF842FF9C6AEEF1 /* [CP] Embed Pods Frameworks */ = {
			isa = PBXShellScriptBuildPhase;
			buildActionMask = 2147483647;
			files = (
			);
			inputFileListPaths = (
				"${PODS_ROOT}/Target Support Files/Pods-Instagram/Pods-Instagram-frameworks-${CONFIGURATION}-input-files.xcfilelist",
			);
			name = "[CP] Embed Pods Frameworks";
			outputFileListPaths = (
				"${PODS_ROOT}/Target Support Files/Pods-Instagram/Pods-Instagram-frameworks-${CONFIGURATION}-output-files.xcfilelist",
			);
			runOnlyForDeploymentPostprocessing = 0;
			shellPath = /bin/sh;
			shellScript = "\"${PODS_ROOT}/Target Support Files/Pods-Instagram/Pods-Instagram-frameworks.sh\"\n";
			showEnvVarsInLog = 0;
		};
/* End PBXShellScriptBuildPhase section */

/* Begin PBXSourcesBuildPhase section */
		52112F7F264BA75D004776F4 /* Sources */ = {
			isa = PBXSourcesBuildPhase;
			buildActionMask = 2147483647;
			files = (
				52494ED2265384C7009B798A /* PostTableViewCell.swift in Sources */,
				52112FCA264BA8A8004776F4 /* PostViewController.swift in Sources */,
				52112F8B264BA75D004776F4 /* LoginViewController.swift in Sources */,
				52112F87264BA75D004776F4 /* AppDelegate.swift in Sources */,
				52112F89264BA75D004776F4 /* SceneDelegate.swift in Sources */,
				52112FC5264BA893004776F4 /* ImageSelectViewController.swift in Sources */,
				52494EC3265383EF009B798A /* PostData.swift in Sources */,
				52112FCF264BA8B9004776F4 /* SettingViewController.swift in Sources */,
				52112FBD264BA87A004776F4 /* HomeViewController.swift in Sources */,
				52112FE4264BC295004776F4 /* TapBarController.swift in Sources */,
				52494EBB26537D80009B798A /* Const.swift in Sources */,
			);
			runOnlyForDeploymentPostprocessing = 0;
		};
		52112F95264BA75E004776F4 /* Sources */ = {
			isa = PBXSourcesBuildPhase;
			buildActionMask = 2147483647;
			files = (
				52112F9E264BA75E004776F4 /* InstagramTests.swift in Sources */,
			);
			runOnlyForDeploymentPostprocessing = 0;
		};
		52112FA0264BA75E004776F4 /* Sources */ = {
			isa = PBXSourcesBuildPhase;
			buildActionMask = 2147483647;
			files = (
				52112FA9264BA75E004776F4 /* InstagramUITests.swift in Sources */,
			);
			runOnlyForDeploymentPostprocessing = 0;
		};
/* End PBXSourcesBuildPhase section */

/* Begin PBXTargetDependency section */
		52112F9B264BA75E004776F4 /* PBXTargetDependency */ = {
			isa = PBXTargetDependency;
			target = 52112F82264BA75D004776F4 /* Instagram */;
			targetProxy = 52112F9A264BA75E004776F4 /* PBXContainerItemProxy */;
		};
		52112FA6264BA75E004776F4 /* PBXTargetDependency */ = {
			isa = PBXTargetDependency;
			target = 52112F82264BA75D004776F4 /* Instagram */;
			targetProxy = 52112FA5264BA75E004776F4 /* PBXContainerItemProxy */;
		};
/* End PBXTargetDependency section */

/* Begin PBXVariantGroup section */
		52112F8C264BA75D004776F4 /* Main.storyboard */ = {
			isa = PBXVariantGroup;
			children = (
				52112F8D264BA75D004776F4 /* Base */,
			);
			name = Main.storyboard;
			sourceTree = "<group>";
		};
		52112F91264BA75E004776F4 /* LaunchScreen.storyboard */ = {
			isa = PBXVariantGroup;
			children = (
				52112F92264BA75E004776F4 /* Base */,
			);
			name = LaunchScreen.storyboard;
			sourceTree = "<group>";
		};
/* End PBXVariantGroup section */

/* Begin XCBuildConfiguration section */
		52112FAB264BA75E004776F4 /* Debug */ = {
			isa = XCBuildConfiguration;
			buildSettings = {
				ALWAYS_SEARCH_USER_PATHS = NO;
				CLANG_ANALYZER_NONNULL = YES;
				CLANG_ANALYZER_NUMBER_OBJECT_CONVERSION = YES_AGGRESSIVE;
				CLANG_CXX_LANGUAGE_STANDARD = "gnu++14";
				CLANG_CXX_LIBRARY = "libc++";
				CLANG_ENABLE_MODULES = YES;
				CLANG_ENABLE_OBJC_ARC = YES;
				CLANG_ENABLE_OBJC_WEAK = YES;
				CLANG_WARN_BLOCK_CAPTURE_AUTORELEASING = YES;
				CLANG_WARN_BOOL_CONVERSION = YES;
				CLANG_WARN_COMMA = YES;
				CLANG_WARN_CONSTANT_CONVERSION = YES;
				CLANG_WARN_DEPRECATED_OBJC_IMPLEMENTATIONS = YES;
				CLANG_WARN_DIRECT_OBJC_ISA_USAGE = YES_ERROR;
				CLANG_WARN_DOCUMENTATION_COMMENTS = YES;
				CLANG_WARN_EMPTY_BODY = YES;
				CLANG_WARN_ENUM_CONVERSION = YES;
				CLANG_WARN_INFINITE_RECURSION = YES;
				CLANG_WARN_INT_CONVERSION = YES;
				CLANG_WARN_NON_LITERAL_NULL_CONVERSION = YES;
				CLANG_WARN_OBJC_IMPLICIT_RETAIN_SELF = YES;
				CLANG_WARN_OBJC_LITERAL_CONVERSION = YES;
				CLANG_WARN_OBJC_ROOT_CLASS = YES_ERROR;
				CLANG_WARN_QUOTED_INCLUDE_IN_FRAMEWORK_HEADER = YES;
				CLANG_WARN_RANGE_LOOP_ANALYSIS = YES;
				CLANG_WARN_STRICT_PROTOTYPES = YES;
				CLANG_WARN_SUSPICIOUS_MOVE = YES;
				CLANG_WARN_UNGUARDED_AVAILABILITY = YES_AGGRESSIVE;
				CLANG_WARN_UNREACHABLE_CODE = YES;
				CLANG_WARN__DUPLICATE_METHOD_MATCH = YES;
				COPY_PHASE_STRIP = NO;
				DEBUG_INFORMATION_FORMAT = dwarf;
				ENABLE_STRICT_OBJC_MSGSEND = YES;
				ENABLE_TESTABILITY = YES;
				GCC_C_LANGUAGE_STANDARD = gnu11;
				GCC_DYNAMIC_NO_PIC = NO;
				GCC_NO_COMMON_BLOCKS = YES;
				GCC_OPTIMIZATION_LEVEL = 0;
				GCC_PREPROCESSOR_DEFINITIONS = (
					"DEBUG=1",
					"$(inherited)",
				);
				GCC_WARN_64_TO_32_BIT_CONVERSION = YES;
				GCC_WARN_ABOUT_RETURN_TYPE = YES_ERROR;
				GCC_WARN_UNDECLARED_SELECTOR = YES;
				GCC_WARN_UNINITIALIZED_AUTOS = YES_AGGRESSIVE;
				GCC_WARN_UNUSED_FUNCTION = YES;
				GCC_WARN_UNUSED_VARIABLE = YES;
				IPHONEOS_DEPLOYMENT_TARGET = 14.2;
				MTL_ENABLE_DEBUG_INFO = INCLUDE_SOURCE;
				MTL_FAST_MATH = YES;
				ONLY_ACTIVE_ARCH = YES;
				SDKROOT = iphoneos;
				SWIFT_ACTIVE_COMPILATION_CONDITIONS = DEBUG;
				SWIFT_OPTIMIZATION_LEVEL = "-Onone";
			};
			name = Debug;
		};
		52112FAC264BA75E004776F4 /* Release */ = {
			isa = XCBuildConfiguration;
			buildSettings = {
				ALWAYS_SEARCH_USER_PATHS = NO;
				CLANG_ANALYZER_NONNULL = YES;
				CLANG_ANALYZER_NUMBER_OBJECT_CONVERSION = YES_AGGRESSIVE;
				CLANG_CXX_LANGUAGE_STANDARD = "gnu++14";
				CLANG_CXX_LIBRARY = "libc++";
				CLANG_ENABLE_MODULES = YES;
				CLANG_ENABLE_OBJC_ARC = YES;
				CLANG_ENABLE_OBJC_WEAK = YES;
				CLANG_WARN_BLOCK_CAPTURE_AUTORELEASING = YES;
				CLANG_WARN_BOOL_CONVERSION = YES;
				CLANG_WARN_COMMA = YES;
				CLANG_WARN_CONSTANT_CONVERSION = YES;
				CLANG_WARN_DEPRECATED_OBJC_IMPLEMENTATIONS = YES;
				CLANG_WARN_DIRECT_OBJC_ISA_USAGE = YES_ERROR;
				CLANG_WARN_DOCUMENTATION_COMMENTS = YES;
				CLANG_WARN_EMPTY_BODY = YES;
				CLANG_WARN_ENUM_CONVERSION = YES;
				CLANG_WARN_INFINITE_RECURSION = YES;
				CLANG_WARN_INT_CONVERSION = YES;
				CLANG_WARN_NON_LITERAL_NULL_CONVERSION = YES;
				CLANG_WARN_OBJC_IMPLICIT_RETAIN_SELF = YES;
				CLANG_WARN_OBJC_LITERAL_CONVERSION = YES;
				CLANG_WARN_OBJC_ROOT_CLASS = YES_ERROR;
				CLANG_WARN_QUOTED_INCLUDE_IN_FRAMEWORK_HEADER = YES;
				CLANG_WARN_RANGE_LOOP_ANALYSIS = YES;
				CLANG_WARN_STRICT_PROTOTYPES = YES;
				CLANG_WARN_SUSPICIOUS_MOVE = YES;
				CLANG_WARN_UNGUARDED_AVAILABILITY = YES_AGGRESSIVE;
				CLANG_WARN_UNREACHABLE_CODE = YES;
				CLANG_WARN__DUPLICATE_METHOD_MATCH = YES;
				COPY_PHASE_STRIP = NO;
				DEBUG_INFORMATION_FORMAT = "dwarf-with-dsym";
				ENABLE_NS_ASSERTIONS = NO;
				ENABLE_STRICT_OBJC_MSGSEND = YES;
				GCC_C_LANGUAGE_STANDARD = gnu11;
				GCC_NO_COMMON_BLOCKS = YES;
				GCC_WARN_64_TO_32_BIT_CONVERSION = YES;
				GCC_WARN_ABOUT_RETURN_TYPE = YES_ERROR;
				GCC_WARN_UNDECLARED_SELECTOR = YES;
				GCC_WARN_UNINITIALIZED_AUTOS = YES_AGGRESSIVE;
				GCC_WARN_UNUSED_FUNCTION = YES;
				GCC_WARN_UNUSED_VARIABLE = YES;
				IPHONEOS_DEPLOYMENT_TARGET = 14.2;
				MTL_ENABLE_DEBUG_INFO = NO;
				MTL_FAST_MATH = YES;
				SDKROOT = iphoneos;
				SWIFT_COMPILATION_MODE = wholemodule;
				SWIFT_OPTIMIZATION_LEVEL = "-O";
				VALIDATE_PRODUCT = YES;
			};
			name = Release;
		};
		52112FAE264BA75E004776F4 /* Debug */ = {
			isa = XCBuildConfiguration;
			baseConfigurationReference = 1EAFA6E154BE8F4349F4C7E6 /* Pods-Instagram.debug.xcconfig */;
			buildSettings = {
				ASSETCATALOG_COMPILER_APPICON_NAME = AppIcon;
				ASSETCATALOG_COMPILER_GLOBAL_ACCENT_COLOR_NAME = AccentColor;
				CODE_SIGN_STYLE = Automatic;
				DEVELOPMENT_TEAM = QSPQ5YNBW4;
				INFOPLIST_FILE = Instagram/Info.plist;
				LD_RUNPATH_SEARCH_PATHS = (
					"$(inherited)",
					"@executable_path/Frameworks",
				);
				PRODUCT_BUNDLE_IDENTIFIER = jp.techacademy.YUJI.Iwabuchi.Instagram;
				PRODUCT_NAME = "$(TARGET_NAME)";
				SWIFT_VERSION = 5.0;
				TARGETED_DEVICE_FAMILY = 1;
			};
			name = Debug;
		};
		52112FAF264BA75E004776F4 /* Release */ = {
			isa = XCBuildConfiguration;
			baseConfigurationReference = 5B18F550710454F2E9D4F87D /* Pods-Instagram.release.xcconfig */;
			buildSettings = {
				ASSETCATALOG_COMPILER_APPICON_NAME = AppIcon;
				ASSETCATALOG_COMPILER_GLOBAL_ACCENT_COLOR_NAME = AccentColor;
				CODE_SIGN_STYLE = Automatic;
				DEVELOPMENT_TEAM = QSPQ5YNBW4;
				INFOPLIST_FILE = Instagram/Info.plist;
				LD_RUNPATH_SEARCH_PATHS = (
					"$(inherited)",
					"@executable_path/Frameworks",
				);
				PRODUCT_BUNDLE_IDENTIFIER = jp.techacademy.YUJI.Iwabuchi.Instagram;
				PRODUCT_NAME = "$(TARGET_NAME)";
				SWIFT_VERSION = 5.0;
				TARGETED_DEVICE_FAMILY = 1;
			};
			name = Release;
		};
		52112FB1264BA75E004776F4 /* Debug */ = {
			isa = XCBuildConfiguration;
			buildSettings = {
				ALWAYS_EMBED_SWIFT_STANDARD_LIBRARIES = YES;
				BUNDLE_LOADER = "$(TEST_HOST)";
				CODE_SIGN_STYLE = Automatic;
				DEVELOPMENT_TEAM = QSPQ5YNBW4;
				INFOPLIST_FILE = InstagramTests/Info.plist;
				IPHONEOS_DEPLOYMENT_TARGET = 14.2;
				LD_RUNPATH_SEARCH_PATHS = (
					"$(inherited)",
					"@executable_path/Frameworks",
					"@loader_path/Frameworks",
				);
				PRODUCT_BUNDLE_IDENTIFIER = jp.techacademy.YUJI.Iwabuchi.InstagramTests;
				PRODUCT_NAME = "$(TARGET_NAME)";
				SWIFT_VERSION = 5.0;
				TARGETED_DEVICE_FAMILY = "1,2";
				TEST_HOST = "$(BUILT_PRODUCTS_DIR)/Instagram.app/Instagram";
			};
			name = Debug;
		};
		52112FB2264BA75E004776F4 /* Release */ = {
			isa = XCBuildConfiguration;
			buildSettings = {
				ALWAYS_EMBED_SWIFT_STANDARD_LIBRARIES = YES;
				BUNDLE_LOADER = "$(TEST_HOST)";
				CODE_SIGN_STYLE = Automatic;
				DEVELOPMENT_TEAM = QSPQ5YNBW4;
				INFOPLIST_FILE = InstagramTests/Info.plist;
				IPHONEOS_DEPLOYMENT_TARGET = 14.2;
				LD_RUNPATH_SEARCH_PATHS = (
					"$(inherited)",
					"@executable_path/Frameworks",
					"@loader_path/Frameworks",
				);
				PRODUCT_BUNDLE_IDENTIFIER = jp.techacademy.YUJI.Iwabuchi.InstagramTests;
				PRODUCT_NAME = "$(TARGET_NAME)";
				SWIFT_VERSION = 5.0;
				TARGETED_DEVICE_FAMILY = "1,2";
				TEST_HOST = "$(BUILT_PRODUCTS_DIR)/Instagram.app/Instagram";
			};
			name = Release;
		};
		52112FB4264BA75E004776F4 /* Debug */ = {
			isa = XCBuildConfiguration;
			buildSettings = {
				ALWAYS_EMBED_SWIFT_STANDARD_LIBRARIES = YES;
				CODE_SIGN_STYLE = Automatic;
				DEVELOPMENT_TEAM = QSPQ5YNBW4;
				INFOPLIST_FILE = InstagramUITests/Info.plist;
				LD_RUNPATH_SEARCH_PATHS = (
					"$(inherited)",
					"@executable_path/Frameworks",
					"@loader_path/Frameworks",
				);
				PRODUCT_BUNDLE_IDENTIFIER = jp.techacademy.YUJI.Iwabuchi.InstagramUITests;
				PRODUCT_NAME = "$(TARGET_NAME)";
				SWIFT_VERSION = 5.0;
				TARGETED_DEVICE_FAMILY = "1,2";
				TEST_TARGET_NAME = Instagram;
			};
			name = Debug;
		};
		52112FB5264BA75E004776F4 /* Release */ = {
			isa = XCBuildConfiguration;
			buildSettings = {
				ALWAYS_EMBED_SWIFT_STANDARD_LIBRARIES = YES;
				CODE_SIGN_STYLE = Automatic;
				DEVELOPMENT_TEAM = QSPQ5YNBW4;
				INFOPLIST_FILE = InstagramUITests/Info.plist;
				LD_RUNPATH_SEARCH_PATHS = (
					"$(inherited)",
					"@executable_path/Frameworks",
					"@loader_path/Frameworks",
				);
				PRODUCT_BUNDLE_IDENTIFIER = jp.techacademy.YUJI.Iwabuchi.InstagramUITests;
				PRODUCT_NAME = "$(TARGET_NAME)";
				SWIFT_VERSION = 5.0;
				TARGETED_DEVICE_FAMILY = "1,2";
				TEST_TARGET_NAME = Instagram;
			};
			name = Release;
		};
/* End XCBuildConfiguration section */

/* Begin XCConfigurationList section */
		52112F7E264BA75D004776F4 /* Build configuration list for PBXProject "Instagram" */ = {
			isa = XCConfigurationList;
			buildConfigurations = (
				52112FAB264BA75E004776F4 /* Debug */,
				52112FAC264BA75E004776F4 /* Release */,
			);
			defaultConfigurationIsVisible = 0;
			defaultConfigurationName = Release;
		};
		52112FAD264BA75E004776F4 /* Build configuration list for PBXNativeTarget "Instagram" */ = {
			isa = XCConfigurationList;
			buildConfigurations = (
				52112FAE264BA75E004776F4 /* Debug */,
				52112FAF264BA75E004776F4 /* Release */,
			);
			defaultConfigurationIsVisible = 0;
			defaultConfigurationName = Release;
		};
		52112FB0264BA75E004776F4 /* Build configuration list for PBXNativeTarget "InstagramTests" */ = {
			isa = XCConfigurationList;
			buildConfigurations = (
				52112FB1264BA75E004776F4 /* Debug */,
				52112FB2264BA75E004776F4 /* Release */,
			);
			defaultConfigurationIsVisible = 0;
			defaultConfigurationName = Release;
		};
		52112FB3264BA75E004776F4 /* Build configuration list for PBXNativeTarget "InstagramUITests" */ = {
			isa = XCConfigurationList;
			buildConfigurations = (
				52112FB4264BA75E004776F4 /* Debug */,
				52112FB5264BA75E004776F4 /* Release */,
			);
			defaultConfigurationIsVisible = 0;
			defaultConfigurationName = Release;
		};
/* End XCConfigurationList section */
	};
	rootObject = 52112F7B264BA75D004776F4 /* Project object */;
}
